
Microsoft Visual Studio Solution File, Format Version 12.00
# Visual Studio Version 17
VisualStudioVersion = 17.8.34322.80
MinimumVisualStudioVersion = 10.0.40219.1
Project("{FAE04EC0-301F-11D3-BF4B-00C04F79EFBC}") = "assignement2", "assignement2\assignement2.csproj", "{E8C5F737-BA73-45DE-8468-9CC5F295CCE7}"
EndProject
Global
	GlobalSection(SolutionConfigurationPlatforms) = preSolution
		Debug|Any CPU = Debug|Any CPU
		Release|Any CPU = Release|Any CPU
	EndGlobalSection
	GlobalSection(ProjectConfigurationPlatforms) = postSolution
		{E8C5F737-BA73-45DE-8468-9CC5F295CCE7}.Debug|Any CPU.ActiveCfg = Debug|Any CPU
		{E8C5F737-BA73-45DE-8468-9CC5F295CCE7}.Debug|Any CPU.Build.0 = Debug|Any CPU
		{E8C5F737-BA73-45DE-8468-9CC5F295CCE7}.Release|Any CPU.ActiveCfg = Release|Any CPU
		{E8C5F737-BA73-45DE-8468-9CC5F295CCE7}.Release|Any CPU.Build.0 = Release|Any CPU
	EndGlobalSection
	GlobalSection(SolutionProperties) = preSolution
		HideSolutionNode = FALSE
	EndGlobalSection
	GlobalSection(ExtensibilityGlobals) = postSolution
		SolutionGuid = {E1E0EBA3-569E-42A6-81FF-6C471E67C231}
	EndGlobalSection
EndGlobal
